Microsoft Visual Studio Solution File, Format Version 12.00
# Visual Studio Version 17
VisualStudioVersion = 17.5.2.0
MinimumVisualStudioVersion = 10.0.40219.1
Project("{FAE04EC0-301F-11D3-BF4B-00C04F79EFBC}") = "PsLauncher", "PsLauncher.csproj", "{5FF60AD7-A90F-50D7-C6D7-C786C370CDC3}"
EndProject
Global
	GlobalSection(SolutionConfigurationPlatforms) = preSolution
		Debug|Any CPU = Debug|Any CPU
		Release|Any CPU = Release|Any CPU
	EndGlobalSection
	GlobalSection(ProjectConfigurationPlatforms) = postSolution
		{5FF60AD7-A90F-50D7-C6D7-C786C370CDC3}.Debug|Any CPU.ActiveCfg = Debug|Any CPU
		{5FF60AD7-A90F-50D7-C6D7-C786C370CDC3}.Debug|Any CPU.Build.0 = Debug|Any CPU
		{5FF60AD7-A90F-50D7-C6D7-C786C370CDC3}.Release|Any CPU.ActiveCfg = Release|Any CPU
		{5FF60AD7-A90F-50D7-C6D7-C786C370CDC3}.Release|Any CPU.Build.0 = Release|Any CPU
	EndGlobalSection
	GlobalSection(SolutionProperties) = preSolution
		HideSolutionNode = FALSE
	EndGlobalSection
	GlobalSection(ExtensibilityGlobals) = postSolution
		SolutionGuid = {87125C96-0A59-4C81-9608-978B524971B1}
	EndGlobalSection
EndGlobal
